<?xml version="1.0" encoding="utf-8"?>
<Project ToolsVersion="4.0" xmlns="http://schemas.microsoft.com/developer/msbuild/2003">
  <ItemGroup>
    <ClCompile Include="Application.cpp">
      <Filter>source</Filter>
    </ClCompile>
    <ClCompile Include="log.cpp">
      <Filter>source</Filter>
    </ClCompile>
    <ClCompile Include="Main.cpp">
      <Filter>source</Filter>
    </ClCompile>
    <ClCompile Include="ModuleInput.cpp">
      <Filter>source\modules</Filter>
    </ClCompile>
    <ClCompile Include="ModuleProgram.cpp">
      <Filter>source\modules</Filter>
    </ClCompile>
    <ClCompile Include="ModuleRender.cpp">
      <Filter>source\modules</Filter>
    </ClCompile>
    <ClCompile Include="ModuleRenderExercise.cpp">
      <Filter>source\modules</Filter>
    </ClCompile>
    <ClCompile Include="ModuleWindow.cpp">
      <Filter>source\modules</Filter>
    </ClCompile>
  </ItemGroup>
  <ItemGroup>
    <ClInclude Include="Application.h">
      <Filter>source</Filter>
    </ClInclude>
    <ClInclude Include="Dummy.h">
      <Filter>source</Filter>
    </ClInclude>
    <ClInclude Include="Globals.h">
      <Filter>source</Filter>
    </ClInclude>
    <ClInclude Include="ModuleWindow.h">
      <Filter>source\modules</Filter>
    </ClInclude>
    <ClInclude Include="Module.h">
      <Filter>source\modules</Filter>
    </ClInclude>
    <ClInclude Include="ModuleInput.h">
      <Filter>source\modules</Filter>
    </ClInclude>
    <ClInclude Include="ModuleProgram.h">
      <Filter>source\modules</Filter>
    </ClInclude>
    <ClInclude Include="ModuleRender.h">
      <Filter>source\modules</Filter>
    </ClInclude>
    <ClInclude Include="ModuleRenderExercise.h">
      <Filter>source\modules</Filter>
    </ClInclude>
  </ItemGroup>
  <ItemGroup>
    <Filter Include="source">
      <UniqueIdentifier>{dfcbddcb-b2d9-4377-be66-5e9dd6669ffd}</UniqueIdentifier>
    </Filter>
    <Filter Include="source\modules">
      <UniqueIdentifier>{17012e1b-fce9-4fe1-aa80-5ea931740dd0}</UniqueIdentifier>
    </Filter>
  </ItemGroup>
</Project>