<?xml version="1.0" encoding="utf-8"?>
<Project ToolsVersion="4.0" xmlns="http://schemas.microsoft.com/developer/msbuild/2003">
  <ItemGroup>
    <ClCompile Include="Application.cpp">
      <Filter>source</Filter>
    </ClCompile>
    <ClCompile Include="log.cpp">
      <Filter>source</Filter>
    </ClCompile>
    <ClCompile Include="Main.cpp">
      <Filter>source</Filter>
    </ClCompile>
    <ClCompile Include="Modules\ModuleGui.cpp">
      <Filter>source\modules</Filter>
    </ClCompile>
    <ClCompile Include="Modules\ModuleInput.cpp">
      <Filter>source\modules</Filter>
    </ClCompile>
    <ClCompile Include="Modules\ModuleProgram.cpp">
      <Filter>source\modules</Filter>
    </ClCompile>
    <ClCompile Include="Modules\ModuleRender.cpp">
      <Filter>source\modules</Filter>
    </ClCompile>
    <ClCompile Include="Modules\ModuleWindow.cpp">
      <Filter>source\modules</Filter>
    </ClCompile>
    <ClCompile Include="Gui\GuiConsole.cpp">
      <Filter>source\gui</Filter>
    </ClCompile>
    <ClCompile Include="Gui\GuiMenu.cpp">
      <Filter>source\gui</Filter>
    </ClCompile>
    <ClCompile Include="Gui\GuiConfiguration.cpp">
      <Filter>source\gui</Filter>
    </ClCompile>
    <ClCompile Include="Gui\GuiHardware.cpp">
      <Filter>source\gui</Filter>
    </ClCompile>
    <ClCompile Include="Gui\GuiAbout.cpp">
      <Filter>source\gui</Filter>
    </ClCompile>
    <ClCompile Include="Modules\ModuleDebugDraw.cpp">
      <Filter>source\modules</Filter>
    </ClCompile>
    <ClCompile Include="Modules\ModuleCameraEditor.cpp">
      <Filter>source\modules</Filter>
    </ClCompile>
    <ClCompile Include="Modules\ModuleTexture.cpp">
      <Filter>source\modules</Filter>
    </ClCompile>
    <ClCompile Include="Modules\ModuleDrawer.cpp">
      <Filter>source\modules</Filter>
    </ClCompile>
    <ClCompile Include="Libs\imgui\imgui.cpp">
      <Filter>source\imgui</Filter>
    </ClCompile>
    <ClCompile Include="Libs\imgui\imgui_demo.cpp">
      <Filter>source\imgui</Filter>
    </ClCompile>
    <ClCompile Include="Libs\imgui\imgui_draw.cpp">
      <Filter>source\imgui</Filter>
    </ClCompile>
    <ClCompile Include="Libs\imgui\imgui_impl_opengl3.cpp">
      <Filter>source\imgui</Filter>
    </ClCompile>
    <ClCompile Include="Libs\imgui\imgui_impl_sdl.cpp">
      <Filter>source\imgui</Filter>
    </ClCompile>
    <ClCompile Include="Libs\imgui\imgui_tables.cpp">
      <Filter>source\imgui</Filter>
    </ClCompile>
    <ClCompile Include="Libs\imgui\imgui_widgets.cpp">
      <Filter>source\imgui</Filter>
    </ClCompile>
    <ClCompile Include="Libs\MathGeoLib-1.5\MathGeoLib-1.5\src\Algorithm\Random\LCG.cpp">
      <Filter>source\MathGeoLib\Algorithm\Random</Filter>
    </ClCompile>
    <ClCompile Include="Libs\MathGeoLib-1.5\MathGeoLib-1.5\src\Math\BitOps.cpp">
      <Filter>source\MathGeoLib\Math</Filter>
    </ClCompile>
    <ClCompile Include="Libs\MathGeoLib-1.5\MathGeoLib-1.5\src\Math\float2.cpp">
      <Filter>source\MathGeoLib\Math</Filter>
    </ClCompile>
    <ClCompile Include="Libs\MathGeoLib-1.5\MathGeoLib-1.5\src\Math\float3.cpp">
      <Filter>source\MathGeoLib\Math</Filter>
    </ClCompile>
    <ClCompile Include="Libs\MathGeoLib-1.5\MathGeoLib-1.5\src\Math\float3x3.cpp">
      <Filter>source\MathGeoLib\Math</Filter>
    </ClCompile>
    <ClCompile Include="Libs\MathGeoLib-1.5\MathGeoLib-1.5\src\Math\float3x4.cpp">
      <Filter>source\MathGeoLib\Math</Filter>
    </ClCompile>
    <ClCompile Include="Libs\MathGeoLib-1.5\MathGeoLib-1.5\src\Math\float4.cpp">
      <Filter>source\MathGeoLib\Math</Filter>
    </ClCompile>
    <ClCompile Include="Libs\MathGeoLib-1.5\MathGeoLib-1.5\src\Math\float4x4.cpp">
      <Filter>source\MathGeoLib\Math</Filter>
    </ClCompile>
    <ClCompile Include="Libs\MathGeoLib-1.5\MathGeoLib-1.5\src\Math\MathFunc.cpp">
      <Filter>source\MathGeoLib\Math</Filter>
    </ClCompile>
    <ClCompile Include="Libs\MathGeoLib-1.5\MathGeoLib-1.5\src\Math\MathLog.cpp">
      <Filter>source\MathGeoLib\Math</Filter>
    </ClCompile>
    <ClCompile Include="Libs\MathGeoLib-1.5\MathGeoLib-1.5\src\Math\MathOps.cpp">
      <Filter>source\MathGeoLib\Math</Filter>
    </ClCompile>
    <ClCompile Include="Libs\MathGeoLib-1.5\MathGeoLib-1.5\src\Math\Polynomial.cpp">
      <Filter>source\MathGeoLib\Math</Filter>
    </ClCompile>
    <ClCompile Include="Libs\MathGeoLib-1.5\MathGeoLib-1.5\src\Math\Quat.cpp">
      <Filter>source\MathGeoLib\Math</Filter>
    </ClCompile>
    <ClCompile Include="Libs\MathGeoLib-1.5\MathGeoLib-1.5\src\Math\SSEMath.cpp">
      <Filter>source\MathGeoLib\Math</Filter>
    </ClCompile>
    <ClCompile Include="Libs\MathGeoLib-1.5\MathGeoLib-1.5\src\Math\TransformOps.cpp">
      <Filter>source\MathGeoLib\Math</Filter>
    </ClCompile>
    <ClCompile Include="Libs\MathGeoLib-1.5\MathGeoLib-1.5\src\Geometry\AABB.cpp">
      <Filter>source\MathGeoLib\Geometry</Filter>
    </ClCompile>
    <ClCompile Include="Libs\MathGeoLib-1.5\MathGeoLib-1.5\src\Geometry\Capsule.cpp">
      <Filter>source\MathGeoLib\Geometry</Filter>
    </ClCompile>
    <ClCompile Include="Libs\MathGeoLib-1.5\MathGeoLib-1.5\src\Geometry\Circle.cpp">
      <Filter>source\MathGeoLib\Geometry</Filter>
    </ClCompile>
    <ClCompile Include="Libs\MathGeoLib-1.5\MathGeoLib-1.5\src\Geometry\Frustum.cpp">
      <Filter>source\MathGeoLib\Geometry</Filter>
    </ClCompile>
    <ClCompile Include="Libs\MathGeoLib-1.5\MathGeoLib-1.5\src\Geometry\Line.cpp">
      <Filter>source\MathGeoLib\Geometry</Filter>
    </ClCompile>
    <ClCompile Include="Libs\MathGeoLib-1.5\MathGeoLib-1.5\src\Geometry\LineSegment.cpp">
      <Filter>source\MathGeoLib\Geometry</Filter>
    </ClCompile>
    <ClCompile Include="Libs\MathGeoLib-1.5\MathGeoLib-1.5\src\Geometry\OBB.cpp">
      <Filter>source\MathGeoLib\Geometry</Filter>
    </ClCompile>
    <ClCompile Include="Libs\MathGeoLib-1.5\MathGeoLib-1.5\src\Geometry\Plane.cpp">
      <Filter>source\MathGeoLib\Geometry</Filter>
    </ClCompile>
    <ClCompile Include="Libs\MathGeoLib-1.5\MathGeoLib-1.5\src\Geometry\Polygon.cpp">
      <Filter>source\MathGeoLib\Geometry</Filter>
    </ClCompile>
    <ClCompile Include="Libs\MathGeoLib-1.5\MathGeoLib-1.5\src\Geometry\Polyhedron.cpp">
      <Filter>source\MathGeoLib\Geometry</Filter>
    </ClCompile>
    <ClCompile Include="Libs\MathGeoLib-1.5\MathGeoLib-1.5\src\Geometry\Ray.cpp">
      <Filter>source\MathGeoLib\Geometry</Filter>
    </ClCompile>
    <ClCompile Include="Libs\MathGeoLib-1.5\MathGeoLib-1.5\src\Geometry\Sphere.cpp">
      <Filter>source\MathGeoLib\Geometry</Filter>
    </ClCompile>
    <ClCompile Include="Libs\MathGeoLib-1.5\MathGeoLib-1.5\src\Geometry\Triangle.cpp">
      <Filter>source\MathGeoLib\Geometry</Filter>
    </ClCompile>
    <ClCompile Include="Libs\MathGeoLib-1.5\MathGeoLib-1.5\src\Geometry\TriangleMesh.cpp">
      <Filter>source\MathGeoLib\Geometry</Filter>
    </ClCompile>
    <ClCompile Include="Libs\MathGeoLib-1.5\MathGeoLib-1.5\src\Time\Clock.cpp">
      <Filter>source\MathGeoLib\Time</Filter>
    </ClCompile>
    <ClCompile Include="Gui\GuiMesh.cpp">
      <Filter>source\gui</Filter>
    </ClCompile>
    <ClCompile Include="Mesh.cpp">
      <Filter>source</Filter>
    </ClCompile>
    <ClCompile Include="Model.cpp">
      <Filter>source</Filter>
    </ClCompile>
  </ItemGroup>
  <ItemGroup>
    <ClInclude Include="Application.h">
      <Filter>source</Filter>
    </ClInclude>
    <ClInclude Include="Dummy.h">
      <Filter>source</Filter>
    </ClInclude>
    <ClInclude Include="Globals.h">
      <Filter>source</Filter>
    </ClInclude>
    <ClInclude Include="Modules\Module.h">
      <Filter>source\modules</Filter>
    </ClInclude>
    <ClInclude Include="Modules\ModuleGui.h">
      <Filter>source\modules</Filter>
    </ClInclude>
    <ClInclude Include="Modules\ModuleInput.h">
      <Filter>source\modules</Filter>
    </ClInclude>
    <ClInclude Include="Modules\ModuleProgram.h">
      <Filter>source\modules</Filter>
    </ClInclude>
    <ClInclude Include="Modules\ModuleRender.h">
      <Filter>source\modules</Filter>
    </ClInclude>
    <ClInclude Include="Modules\ModuleWindow.h">
      <Filter>source\modules</Filter>
    </ClInclude>
    <ClInclude Include="Gui\GuiComponent.h">
      <Filter>source\gui</Filter>
    </ClInclude>
    <ClInclude Include="Gui\GuiConsole.h">
      <Filter>source\gui</Filter>
    </ClInclude>
    <ClInclude Include="Gui\GuiMenu.h">
      <Filter>source\gui</Filter>
    </ClInclude>
    <ClInclude Include="Gui\GuiConfiguration.h">
      <Filter>source\gui</Filter>
    </ClInclude>
    <ClInclude Include="Gui\GuiHardware.h">
      <Filter>source\gui</Filter>
    </ClInclude>
    <ClInclude Include="Gui\GuiAbout.h">
      <Filter>source\gui</Filter>
    </ClInclude>
    <ClInclude Include="Modules\ModuleDebugDraw.h">
      <Filter>source\modules</Filter>
    </ClInclude>
    <ClInclude Include="debug_draw.hpp">
      <Filter>source</Filter>
    </ClInclude>
    <ClInclude Include="debugdraw.h">
      <Filter>source</Filter>
    </ClInclude>
    <ClInclude Include="Modules\ModuleCameraEditor.h">
      <Filter>source\modules</Filter>
    </ClInclude>
    <ClInclude Include="Modules\ModuleTexture.h">
      <Filter>source\modules</Filter>
    </ClInclude>
    <ClInclude Include="Modules\ModuleDrawer.h">
      <Filter>source\modules</Filter>
    </ClInclude>
    <ClInclude Include="Libs\imgui\imconfig.h">
      <Filter>source\imgui</Filter>
    </ClInclude>
    <ClInclude Include="Libs\imgui\imgui.h">
      <Filter>source\imgui</Filter>
    </ClInclude>
    <ClInclude Include="Libs\imgui\imgui_impl_opengl3.h">
      <Filter>source\imgui</Filter>
    </ClInclude>
    <ClInclude Include="Libs\imgui\imgui_impl_opengl3_loader.h">
      <Filter>source\imgui</Filter>
    </ClInclude>
    <ClInclude Include="Libs\imgui\imgui_impl_sdl.h">
      <Filter>source\imgui</Filter>
    </ClInclude>
    <ClInclude Include="Libs\imgui\imgui_internal.h">
      <Filter>source\imgui</Filter>
    </ClInclude>
    <ClInclude Include="Libs\imgui\imstb_rectpack.h">
      <Filter>source\imgui</Filter>
    </ClInclude>
    <ClInclude Include="Libs\imgui\imstb_textedit.h">
      <Filter>source\imgui</Filter>
    </ClInclude>
    <ClInclude Include="Libs\imgui\imstb_truetype.h">
      <Filter>source\imgui</Filter>
    </ClInclude>
    <ClInclude Include="Libs\MathGeoLib-1.5\MathGeoLib-1.5\src\MathBuildConfig.h">
      <Filter>source\MathGeoLib</Filter>
    </ClInclude>
    <ClInclude Include="Libs\MathGeoLib-1.5\MathGeoLib-1.5\src\MathGeoLib.h">
      <Filter>source\MathGeoLib</Filter>
    </ClInclude>
    <ClInclude Include="Libs\MathGeoLib-1.5\MathGeoLib-1.5\src\MathGeoLibFwd.h">
      <Filter>source\MathGeoLib</Filter>
    </ClInclude>
    <ClInclude Include="Libs\MathGeoLib-1.5\MathGeoLib-1.5\src\Algorithm\Random\LCG.h">
      <Filter>source\MathGeoLib\Algorithm\Random</Filter>
    </ClInclude>
    <ClInclude Include="Libs\MathGeoLib-1.5\MathGeoLib-1.5\src\Math\assume.h">
      <Filter>source\MathGeoLib\Math</Filter>
    </ClInclude>
    <ClInclude Include="Libs\MathGeoLib-1.5\MathGeoLib-1.5\src\Math\BitOps.h">
      <Filter>source\MathGeoLib\Math</Filter>
    </ClInclude>
    <ClInclude Include="Libs\MathGeoLib-1.5\MathGeoLib-1.5\src\Math\Complex.h">
      <Filter>source\MathGeoLib\Math</Filter>
    </ClInclude>
    <ClInclude Include="Libs\MathGeoLib-1.5\MathGeoLib-1.5\src\Math\CoordinateAxisConvention.h">
      <Filter>source\MathGeoLib\Math</Filter>
    </ClInclude>
    <ClInclude Include="Libs\MathGeoLib-1.5\MathGeoLib-1.5\src\Math\FixedPoint.h">
      <Filter>source\MathGeoLib\Math</Filter>
    </ClInclude>
    <ClInclude Include="Libs\MathGeoLib-1.5\MathGeoLib-1.5\src\Math\float2.h">
      <Filter>source\MathGeoLib\Math</Filter>
    </ClInclude>
    <ClInclude Include="Libs\MathGeoLib-1.5\MathGeoLib-1.5\src\Math\float3.h">
      <Filter>source\MathGeoLib\Math</Filter>
    </ClInclude>
    <ClInclude Include="Libs\MathGeoLib-1.5\MathGeoLib-1.5\src\Math\float3x3.h">
      <Filter>source\MathGeoLib\Math</Filter>
    </ClInclude>
    <ClInclude Include="Libs\MathGeoLib-1.5\MathGeoLib-1.5\src\Math\float3x4.h">
      <Filter>source\MathGeoLib\Math</Filter>
    </ClInclude>
    <ClInclude Include="Libs\MathGeoLib-1.5\MathGeoLib-1.5\src\Math\float4.h">
      <Filter>source\MathGeoLib\Math</Filter>
    </ClInclude>
    <ClInclude Include="Libs\MathGeoLib-1.5\MathGeoLib-1.5\src\Math\float4_neon.h">
      <Filter>source\MathGeoLib\Math</Filter>
    </ClInclude>
    <ClInclude Include="Libs\MathGeoLib-1.5\MathGeoLib-1.5\src\Math\float4_sse.h">
      <Filter>source\MathGeoLib\Math</Filter>
    </ClInclude>
    <ClInclude Include="Libs\MathGeoLib-1.5\MathGeoLib-1.5\src\Math\float4x4.h">
      <Filter>source\MathGeoLib\Math</Filter>
    </ClInclude>
    <ClInclude Include="Libs\MathGeoLib-1.5\MathGeoLib-1.5\src\Math\float4x4_neon.h">
      <Filter>source\MathGeoLib\Math</Filter>
    </ClInclude>
    <ClInclude Include="Libs\MathGeoLib-1.5\MathGeoLib-1.5\src\Math\float4x4_sse.h">
      <Filter>source\MathGeoLib\Math</Filter>
    </ClInclude>
    <ClInclude Include="Libs\MathGeoLib-1.5\MathGeoLib-1.5\src\Math\FloatCmp.h">
      <Filter>source\MathGeoLib\Math</Filter>
    </ClInclude>
    <ClInclude Include="Libs\MathGeoLib-1.5\MathGeoLib-1.5\src\Math\MathAll.h">
      <Filter>source\MathGeoLib\Math</Filter>
    </ClInclude>
    <ClInclude Include="Libs\MathGeoLib-1.5\MathGeoLib-1.5\src\Math\MathConstants.h">
      <Filter>source\MathGeoLib\Math</Filter>
    </ClInclude>
    <ClInclude Include="Libs\MathGeoLib-1.5\MathGeoLib-1.5\src\Math\MathFunc.h">
      <Filter>source\MathGeoLib\Math</Filter>
    </ClInclude>
    <ClInclude Include="Libs\MathGeoLib-1.5\MathGeoLib-1.5\src\Math\MathLog.h">
      <Filter>source\MathGeoLib\Math</Filter>
    </ClInclude>
    <ClInclude Include="Libs\MathGeoLib-1.5\MathGeoLib-1.5\src\Math\MathNamespace.h">
      <Filter>source\MathGeoLib\Math</Filter>
    </ClInclude>
    <ClInclude Include="Libs\MathGeoLib-1.5\MathGeoLib-1.5\src\Math\MathTypes.h">
      <Filter>source\MathGeoLib\Math</Filter>
    </ClInclude>
    <ClInclude Include="Libs\MathGeoLib-1.5\MathGeoLib-1.5\src\Math\MatrixProxy.h">
      <Filter>source\MathGeoLib\Math</Filter>
    </ClInclude>
    <ClInclude Include="Libs\MathGeoLib-1.5\MathGeoLib-1.5\src\Math\myassert.h">
      <Filter>source\MathGeoLib\Math</Filter>
    </ClInclude>
    <ClInclude Include="Libs\MathGeoLib-1.5\MathGeoLib-1.5\src\Math\Polynomial.h">
      <Filter>source\MathGeoLib\Math</Filter>
    </ClInclude>
    <ClInclude Include="Libs\MathGeoLib-1.5\MathGeoLib-1.5\src\Math\Quat.h">
      <Filter>source\MathGeoLib\Math</Filter>
    </ClInclude>
    <ClInclude Include="Libs\MathGeoLib-1.5\MathGeoLib-1.5\src\Math\quat_simd.h">
      <Filter>source\MathGeoLib\Math</Filter>
    </ClInclude>
    <ClInclude Include="Libs\MathGeoLib-1.5\MathGeoLib-1.5\src\Math\Rect.h">
      <Filter>source\MathGeoLib\Math</Filter>
    </ClInclude>
    <ClInclude Include="Libs\MathGeoLib-1.5\MathGeoLib-1.5\src\Math\Reinterpret.h">
      <Filter>source\MathGeoLib\Math</Filter>
    </ClInclude>
    <ClInclude Include="Libs\MathGeoLib-1.5\MathGeoLib-1.5\src\Math\sse_mathfun.h">
      <Filter>source\MathGeoLib\Math</Filter>
    </ClInclude>
    <ClInclude Include="Libs\MathGeoLib-1.5\MathGeoLib-1.5\src\Math\SSEMath.h">
      <Filter>source\MathGeoLib\Math</Filter>
    </ClInclude>
    <ClInclude Include="Libs\MathGeoLib-1.5\MathGeoLib-1.5\src\Math\TransformOps.h">
      <Filter>source\MathGeoLib\Math</Filter>
    </ClInclude>
    <ClInclude Include="Libs\MathGeoLib-1.5\MathGeoLib-1.5\src\Geometry\AABB.h">
      <Filter>source\MathGeoLib\Geometry</Filter>
    </ClInclude>
    <ClInclude Include="Libs\MathGeoLib-1.5\MathGeoLib-1.5\src\Geometry\AABB2D.h">
      <Filter>source\MathGeoLib\Geometry</Filter>
    </ClInclude>
    <ClInclude Include="Libs\MathGeoLib-1.5\MathGeoLib-1.5\src\Geometry\Capsule.h">
      <Filter>source\MathGeoLib\Geometry</Filter>
    </ClInclude>
    <ClInclude Include="Libs\MathGeoLib-1.5\MathGeoLib-1.5\src\Geometry\Circle.h">
      <Filter>source\MathGeoLib\Geometry</Filter>
    </ClInclude>
    <ClInclude Include="Libs\MathGeoLib-1.5\MathGeoLib-1.5\src\Geometry\Frustum.h">
      <Filter>source\MathGeoLib\Geometry</Filter>
    </ClInclude>
    <ClInclude Include="Libs\MathGeoLib-1.5\MathGeoLib-1.5\src\Geometry\GeometryAll.h">
      <Filter>source\MathGeoLib\Geometry</Filter>
    </ClInclude>
    <ClInclude Include="Libs\MathGeoLib-1.5\MathGeoLib-1.5\src\Geometry\GeomType.h">
      <Filter>source\MathGeoLib\Geometry</Filter>
    </ClInclude>
    <ClInclude Include="Libs\MathGeoLib-1.5\MathGeoLib-1.5\src\Geometry\HitInfo.h">
      <Filter>source\MathGeoLib\Geometry</Filter>
    </ClInclude>
    <ClInclude Include="Libs\MathGeoLib-1.5\MathGeoLib-1.5\src\Geometry\KDTree.h">
      <Filter>source\MathGeoLib\Geometry</Filter>
    </ClInclude>
    <ClInclude Include="Libs\MathGeoLib-1.5\MathGeoLib-1.5\src\Geometry\Line.h">
      <Filter>source\MathGeoLib\Geometry</Filter>
    </ClInclude>
    <ClInclude Include="Libs\MathGeoLib-1.5\MathGeoLib-1.5\src\Geometry\LineSegment.h">
      <Filter>source\MathGeoLib\Geometry</Filter>
    </ClInclude>
    <ClInclude Include="Libs\MathGeoLib-1.5\MathGeoLib-1.5\src\Geometry\OBB.h">
      <Filter>source\MathGeoLib\Geometry</Filter>
    </ClInclude>
    <ClInclude Include="Libs\MathGeoLib-1.5\MathGeoLib-1.5\src\Geometry\PBVolume.h">
      <Filter>source\MathGeoLib\Geometry</Filter>
    </ClInclude>
    <ClInclude Include="Libs\MathGeoLib-1.5\MathGeoLib-1.5\src\Geometry\Plane.h">
      <Filter>source\MathGeoLib\Geometry</Filter>
    </ClInclude>
    <ClInclude Include="Libs\MathGeoLib-1.5\MathGeoLib-1.5\src\Geometry\Polygon.h">
      <Filter>source\MathGeoLib\Geometry</Filter>
    </ClInclude>
    <ClInclude Include="Libs\MathGeoLib-1.5\MathGeoLib-1.5\src\Geometry\Polyhedron.h">
      <Filter>source\MathGeoLib\Geometry</Filter>
    </ClInclude>
    <ClInclude Include="Libs\MathGeoLib-1.5\MathGeoLib-1.5\src\Geometry\QuadTree.h">
      <Filter>source\MathGeoLib\Geometry</Filter>
    </ClInclude>
    <ClInclude Include="Libs\MathGeoLib-1.5\MathGeoLib-1.5\src\Geometry\Ray.h">
      <Filter>source\MathGeoLib\Geometry</Filter>
    </ClInclude>
    <ClInclude Include="Libs\MathGeoLib-1.5\MathGeoLib-1.5\src\Geometry\Sphere.h">
      <Filter>source\MathGeoLib\Geometry</Filter>
    </ClInclude>
    <ClInclude Include="Libs\MathGeoLib-1.5\MathGeoLib-1.5\src\Geometry\Triangle.h">
      <Filter>source\MathGeoLib\Geometry</Filter>
    </ClInclude>
    <ClInclude Include="Libs\MathGeoLib-1.5\MathGeoLib-1.5\src\Geometry\TriangleMesh.h">
      <Filter>source\MathGeoLib\Geometry</Filter>
    </ClInclude>
    <ClInclude Include="Libs\MathGeoLib-1.5\MathGeoLib-1.5\src\Time\Clock.h">
      <Filter>source\MathGeoLib\Time</Filter>
    </ClInclude>
    <ClInclude Include="Gui\GuiMesh.h">
      <Filter>source\gui</Filter>
    </ClInclude>
    <ClInclude Include="Model.h">
      <Filter>source</Filter>
    </ClInclude>
    <ClInclude Include="Mesh.h">
      <Filter>source</Filter>
    </ClInclude>
    <ClInclude Include="resource.h" />
  </ItemGroup>
  <ItemGroup>
    <Filter Include="source">
      <UniqueIdentifier>{dfcbddcb-b2d9-4377-be66-5e9dd6669ffd}</UniqueIdentifier>
    </Filter>
    <Filter Include="source\modules">
      <UniqueIdentifier>{17012e1b-fce9-4fe1-aa80-5ea931740dd0}</UniqueIdentifier>
    </Filter>
    <Filter Include="source\shaders">
      <UniqueIdentifier>{006405bb-ac7c-4251-b577-a46c5a4ad6af}</UniqueIdentifier>
    </Filter>
    <Filter Include="source\gui">
      <UniqueIdentifier>{25381a86-1e43-48b3-9e74-2fc390697773}</UniqueIdentifier>
    </Filter>
    <Filter Include="source\imgui">
      <UniqueIdentifier>{b5dd8ba3-6738-46dc-9f12-aeb42f85702e}</UniqueIdentifier>
    </Filter>
    <Filter Include="source\MathGeoLib">
      <UniqueIdentifier>{0a87ea0f-0d78-47fd-b89d-1ac735daa4a2}</UniqueIdentifier>
    </Filter>
    <Filter Include="source\MathGeoLib\Algorithm">
      <UniqueIdentifier>{79e9f159-971a-4fb9-af45-804d18c1ac9b}</UniqueIdentifier>
    </Filter>
    <Filter Include="source\MathGeoLib\Time">
      <UniqueIdentifier>{74f1c081-60ab-4174-b675-7c5409a28281}</UniqueIdentifier>
    </Filter>
    <Filter Include="source\MathGeoLib\Math">
      <UniqueIdentifier>{c0f5648b-cff2-4962-8add-f5a366c27483}</UniqueIdentifier>
    </Filter>
    <Filter Include="source\MathGeoLib\Geometry">
      <UniqueIdentifier>{394e174f-bade-43b0-9315-08f0b307c510}</UniqueIdentifier>
    </Filter>
    <Filter Include="source\MathGeoLib\Algorithm\Random">
      <UniqueIdentifier>{2a29f62b-5fac-4e85-ba9e-9064c2d7925f}</UniqueIdentifier>
    </Filter>
  </ItemGroup>
  <ItemGroup>
    <None Include="Shaders\frag.glsl">
      <Filter>source\shaders</Filter>
    </None>
    <None Include="Shaders\vert.glsl">
      <Filter>source\shaders</Filter>
    </None>
    <None Include="Shaders\base_vert.glsl">
      <Filter>source\shaders</Filter>
    </None>
    <None Include="Libs\MathGeoLib-1.5\MathGeoLib-1.5\src\Math\Matrix.inl">
      <Filter>source\MathGeoLib\Math</Filter>
    </None>
    <None Include="Libs\MathGeoLib-1.5\MathGeoLib-1.5\src\Geometry\KDTree.inl">
      <Filter>source\MathGeoLib\Geometry</Filter>
    </None>
    <None Include="Libs\MathGeoLib-1.5\MathGeoLib-1.5\src\Geometry\QuadTree.inl">
      <Filter>source\MathGeoLib\Geometry</Filter>
    </None>
    <None Include="Libs\MathGeoLib-1.5\MathGeoLib-1.5\src\Geometry\TriangleMesh_IntersectRay_AVX.inl">
      <Filter>source\MathGeoLib\Geometry</Filter>
    </None>
    <None Include="Libs\MathGeoLib-1.5\MathGeoLib-1.5\src\Geometry\TriangleMesh_IntersectRay_CPP.inl">
      <Filter>source\MathGeoLib\Geometry</Filter>
    </None>
    <None Include="Libs\MathGeoLib-1.5\MathGeoLib-1.5\src\Geometry\TriangleMesh_IntersectRay_SSE.inl">
      <Filter>source\MathGeoLib\Geometry</Filter>
    </None>
  </ItemGroup>
  <ItemGroup>
    <ResourceCompile Include="BlockEngine.rc" />
  </ItemGroup>
  <ItemGroup>
    <Image Include="..\Game\assets\resources\icono32x32.ico" />
  </ItemGroup>
</Project>